
Microsoft Visual Studio Solution File, Format Version 12.00
# Visual Studio Version 16
VisualStudioVersion = 16.0.31702.278
MinimumVisualStudioVersion = 10.0.40219.1
Project("{FAE04EC0-301F-11D3-BF4B-00C04F79EFBC}") = "OdeToFood.Web", "OdeToFood.Web\OdeToFood.Web.csproj", "{BACFCC05-487E-422F-A141-40E3925C8417}"
EndProject
Project("{FAE04EC0-301F-11D3-BF4B-00C04F79EFBC}") = "OdeToFood.Data", "OdeToFood.Data\OdeToFood.Data.csproj", "{0356E6C0-C1C5-468A-ACF1-DC644DF555E6}"
EndProject
Global
	GlobalSection(SolutionConfigurationPlatforms) = preSolution
		Debug|Any CPU = Debug|Any CPU
		Release|Any CPU = Release|Any CPU
	EndGlobalSection
	GlobalSection(ProjectConfigurationPlatforms) = postSolution
		{BACFCC05-487E-422F-A141-40E3925C8417}.Debug|Any CPU.ActiveCfg = Debug|Any CPU
		{BACFCC05-487E-422F-A141-40E3925C8417}.Debug|Any CPU.Build.0 = Debug|Any CPU
		{BACFCC05-487E-422F-A141-40E3925C8417}.Release|Any CPU.ActiveCfg = Release|Any CPU
		{BACFCC05-487E-422F-A141-40E3925C8417}.Release|Any CPU.Build.0 = Release|Any CPU
		{0356E6C0-C1C5-468A-ACF1-DC644DF555E6}.Debug|Any CPU.ActiveCfg = Debug|Any CPU
		{0356E6C0-C1C5-468A-ACF1-DC644DF555E6}.Debug|Any CPU.Build.0 = Debug|Any CPU
		{0356E6C0-C1C5-468A-ACF1-DC644DF555E6}.Release|Any CPU.ActiveCfg = Release|Any CPU
		{0356E6C0-C1C5-468A-ACF1-DC644DF555E6}.Release|Any CPU.Build.0 = Release|Any CPU
	EndGlobalSection
	GlobalSection(SolutionProperties) = preSolution
		HideSolutionNode = FALSE
	EndGlobalSection
	GlobalSection(ExtensibilityGlobals) = postSolution
		SolutionGuid = {8AA65B82-BC6C-4A57-A74D-1E29099EBD44}
	EndGlobalSection
EndGlobal
